
Microsoft Visual Studio Solution File, Format Version 12.00
# Visual Studio Version 17
VisualStudioVersion = 17.7.34202.233
MinimumVisualStudioVersion = 10.0.40219.1
Project("{9A19103F-16F7-4668-BE54-9A1E7A4F7556}") = "TestProject.Api", "TestProject.Api\TestProject.Api.csproj", "{7090BEF6-34CB-4659-AEA5-1D7080C4FAFC}"
EndProject
Project("{FAE04EC0-301F-11D3-BF4B-00C04F79EFBC}") = "TestProject.Core", "TestProject.Core\TestProject.Core.csproj", "{962A65A5-C2DB-4121-BF11-8F88F4BF1848}"
EndProject
Project("{FAE04EC0-301F-11D3-BF4B-00C04F79EFBC}") = "TestProject.Infrastructure", "TestProject.Infrastructure\TestProject.Infrastructure.csproj", "{8C421693-8250-4F24-9277-547100A30F0B}"
EndProject
Global
	GlobalSection(SolutionConfigurationPlatforms) = preSolution
		Debug|Any CPU = Debug|Any CPU
		Release|Any CPU = Release|Any CPU
	EndGlobalSection
	GlobalSection(ProjectConfigurationPlatforms) = postSolution
		{7090BEF6-34CB-4659-AEA5-1D7080C4FAFC}.Debug|Any CPU.ActiveCfg = Debug|Any CPU
		{7090BEF6-34CB-4659-AEA5-1D7080C4FAFC}.Debug|Any CPU.Build.0 = Debug|Any CPU
		{7090BEF6-34CB-4659-AEA5-1D7080C4FAFC}.Release|Any CPU.ActiveCfg = Release|Any CPU
		{7090BEF6-34CB-4659-AEA5-1D7080C4FAFC}.Release|Any CPU.Build.0 = Release|Any CPU
		{962A65A5-C2DB-4121-BF11-8F88F4BF1848}.Debug|Any CPU.ActiveCfg = Debug|Any CPU
		{962A65A5-C2DB-4121-BF11-8F88F4BF1848}.Debug|Any CPU.Build.0 = Debug|Any CPU
		{962A65A5-C2DB-4121-BF11-8F88F4BF1848}.Release|Any CPU.ActiveCfg = Release|Any CPU
		{962A65A5-C2DB-4121-BF11-8F88F4BF1848}.Release|Any CPU.Build.0 = Release|Any CPU
		{8C421693-8250-4F24-9277-547100A30F0B}.Debug|Any CPU.ActiveCfg = Debug|Any CPU
		{8C421693-8250-4F24-9277-547100A30F0B}.Debug|Any CPU.Build.0 = Debug|Any CPU
		{8C421693-8250-4F24-9277-547100A30F0B}.Release|Any CPU.ActiveCfg = Release|Any CPU
		{8C421693-8250-4F24-9277-547100A30F0B}.Release|Any CPU.Build.0 = Release|Any CPU
	EndGlobalSection
	GlobalSection(SolutionProperties) = preSolution
		HideSolutionNode = FALSE
	EndGlobalSection
	GlobalSection(ExtensibilityGlobals) = postSolution
		SolutionGuid = {F4DB8DCD-DE72-4130-82D2-62FD7CEDB7CB}
	EndGlobalSection
EndGlobal
